{
  "version": "3",
  "packages": {
    "specifiers": {
      "jsr:@std/assert@^0.225.2": "jsr:@std/assert@0.225.2",
      "jsr:@std/internal@^0.225.1": "jsr:@std/internal@0.225.1",
      "npm:@types/node": "npm:@types/node@18.16.19"
    },
    "jsr": {
      "@std/assert@0.225.2": {
        "integrity": "6fd566c3ea01654d29c2b633298b7fc7599716336233852eb87e9843658fa192",
        "dependencies": [
          "jsr:@std/internal@^0.225.1"
        ]
      },
      "@std/internal@0.225.1": {
        "integrity": "7d8a812be88c2792f15ab9cf46911e521ccca50435948a8f24df5cefda96bde9"
      }
    },
    "npm": {
      "@types/node@18.16.19": {
        "integrity": "sha512-IXl7o+R9iti9eBW4Wg2hx1xQDig183jj7YLn8F7udNceyfkbn1ZxmzZXuak20gR40D7pIkIY1kYGx5VIGbaHKA==",
        "dependencies": {}
      }
    }
  },
  "remote": {},
  "workspace": {
    "dependencies": [
      "jsr:@std/assert@^0.225.2",
      "npm:yaml@^2.4.2"
    ]
  }
}
